
Microsoft Visual Studio Solution File, Format Version 12.00
# Visual Studio 2012
Project("{FAE04EC0-301F-11D3-BF4B-00C04F79EFBC}") = "MVCHouse", "MVCHouse\MVCHouse.csproj", "{5FD57A06-BE61-49BE-9FBE-9E23B4E3BF82}"
EndProject
Project("{FAE04EC0-301F-11D3-BF4B-00C04F79EFBC}") = "HouseModel", "HouseModel\HouseModel.csproj", "{0DFFE89F-351D-4A00-A5E9-D003CAF52953}"
EndProject
Project("{FAE04EC0-301F-11D3-BF4B-00C04F79EFBC}") = "HouseDAL", "HouseDAL\HouseDAL.csproj", "{5DC180DE-B2F5-4326-9852-AA4AE5EA2842}"
EndProject
Project("{FAE04EC0-301F-11D3-BF4B-00C04F79EFBC}") = "HouseBLL", "HouseBLL\HouseBLL.csproj", "{D5FA2BB8-89C0-4D32-A6E6-97A1460471C6}"
EndProject
Global
	GlobalSection(SolutionConfigurationPlatforms) = preSolution
		Debug|Any CPU = Debug|Any CPU
		Release|Any CPU = Release|Any CPU
	EndGlobalSection
	GlobalSection(ProjectConfigurationPlatforms) = postSolution
		{5FD57A06-BE61-49BE-9FBE-9E23B4E3BF82}.Debug|Any CPU.ActiveCfg = Debug|Any CPU
		{5FD57A06-BE61-49BE-9FBE-9E23B4E3BF82}.Debug|Any CPU.Build.0 = Debug|Any CPU
		{5FD57A06-BE61-49BE-9FBE-9E23B4E3BF82}.Release|Any CPU.ActiveCfg = Release|Any CPU
		{5FD57A06-BE61-49BE-9FBE-9E23B4E3BF82}.Release|Any CPU.Build.0 = Release|Any CPU
		{0DFFE89F-351D-4A00-A5E9-D003CAF52953}.Debug|Any CPU.ActiveCfg = Debug|Any CPU
		{0DFFE89F-351D-4A00-A5E9-D003CAF52953}.Debug|Any CPU.Build.0 = Debug|Any CPU
		{0DFFE89F-351D-4A00-A5E9-D003CAF52953}.Release|Any CPU.ActiveCfg = Release|Any CPU
		{0DFFE89F-351D-4A00-A5E9-D003CAF52953}.Release|Any CPU.Build.0 = Release|Any CPU
		{5DC180DE-B2F5-4326-9852-AA4AE5EA2842}.Debug|Any CPU.ActiveCfg = Debug|Any CPU
		{5DC180DE-B2F5-4326-9852-AA4AE5EA2842}.Debug|Any CPU.Build.0 = Debug|Any CPU
		{5DC180DE-B2F5-4326-9852-AA4AE5EA2842}.Release|Any CPU.ActiveCfg = Release|Any CPU
		{5DC180DE-B2F5-4326-9852-AA4AE5EA2842}.Release|Any CPU.Build.0 = Release|Any CPU
		{D5FA2BB8-89C0-4D32-A6E6-97A1460471C6}.Debug|Any CPU.ActiveCfg = Debug|Any CPU
		{D5FA2BB8-89C0-4D32-A6E6-97A1460471C6}.Debug|Any CPU.Build.0 = Debug|Any CPU
		{D5FA2BB8-89C0-4D32-A6E6-97A1460471C6}.Release|Any CPU.ActiveCfg = Release|Any CPU
		{D5FA2BB8-89C0-4D32-A6E6-97A1460471C6}.Release|Any CPU.Build.0 = Release|Any CPU
	EndGlobalSection
	GlobalSection(SolutionProperties) = preSolution
		HideSolutionNode = FALSE
	EndGlobalSection
EndGlobal
